
Microsoft Visual Studio Solution File, Format Version 12.00
# Visual Studio 15
VisualStudioVersion = 15.0.27703.2035
MinimumVisualStudioVersion = 10.0.40219.1
Project("{9A19103F-16F7-4668-BE54-9A1E7A4F7556}") = "Sampler.Basic", "Sampler.Basic\Sampler.Basic.csproj", "{F40C3DB3-5337-40F7-9B79-C9CE468F79A1}"
EndProject
Project("{2150E333-8FDC-42A3-9474-1A3956D46DE8}") = "004.Web", "004.Web", "{8BB5BA7C-2E90-42D8-83DE-748D69FF0FCB}"
EndProject
Project("{2150E333-8FDC-42A3-9474-1A3956D46DE8}") = "001.Core", "001.Core", "{293EE7AB-4C17-4E03-9718-B44D193AD00B}"
EndProject
Project("{2150E333-8FDC-42A3-9474-1A3956D46DE8}") = "002.Data", "002.Data", "{EBBE04BD-380D-4FC7-8E2E-FF5B9424B9EC}"
EndProject
Project("{2150E333-8FDC-42A3-9474-1A3956D46DE8}") = "003.Services", "003.Services", "{D5E776E7-32A2-4FD8-99B5-70E3290E0071}"
EndProject
Project("{9A19103F-16F7-4668-BE54-9A1E7A4F7556}") = "Sampler.Basic.Core", "Sampler.Basic.Core\Sampler.Basic.Core.csproj", "{816633DD-C164-42EC-B3B1-5D6C79982C37}"
EndProject
Project("{9A19103F-16F7-4668-BE54-9A1E7A4F7556}") = "Sampler.Basic.Data", "Sampler.Basic.Data\Sampler.Basic.Data.csproj", "{37F69877-2B76-42BD-8730-9EF0A4575BF0}"
EndProject
Project("{9A19103F-16F7-4668-BE54-9A1E7A4F7556}") = "Sampler.Basic.Services", "Sampler.Basic.Services\Sampler.Basic.Services.csproj", "{8DCD1B9D-96D6-4CDF-9781-70245DF0C2CA}"
EndProject
Project("{2150E333-8FDC-42A3-9474-1A3956D46DE8}") = "01.EF", "01.EF", "{28DC0217-7522-4686-BAA6-F08F7774117E}"
EndProject
Project("{2150E333-8FDC-42A3-9474-1A3956D46DE8}") = "02.Dapper", "02.Dapper", "{40E7AA60-E6CA-48F4-99C5-EFB086A606A7}"
EndProject
Project("{2150E333-8FDC-42A3-9474-1A3956D46DE8}") = "00.DataDomain", "00.DataDomain", "{AD04E01D-54CA-426D-A33C-883E153A82BA}"
EndProject
Project("{9A19103F-16F7-4668-BE54-9A1E7A4F7556}") = "Sampler.Basic.Data.EF", "Sampler.Basic.Data.EF\Sampler.Basic.Data.EF.csproj", "{D40A68C6-00DD-4721-82D8-FAD633E3936E}"
EndProject
Project("{9A19103F-16F7-4668-BE54-9A1E7A4F7556}") = "Sampler.Basic.Data.Dapper", "Sampler.Basic.Data.Dapper\Sampler.Basic.Data.Dapper.csproj", "{1AC43BEB-0BC1-4129-B988-18F11113FE9A}"
EndProject
Project("{FAE04EC0-301F-11D3-BF4B-00C04F79EFBC}") = "Sampler.Basic.Core.Test", "Sampler.Basic.Core.Test\Sampler.Basic.Core.Test.csproj", "{8D549FF9-74EA-4807-A27F-425525598150}"
EndProject
Project("{FAE04EC0-301F-11D3-BF4B-00C04F79EFBC}") = "Sampler.Basic.Data.Test", "Sampler.Basic.Data.Test\Sampler.Basic.Data.Test.csproj", "{24D6A043-6068-49D4-B321-ABEE7C4D1AAF}"
EndProject
Project("{FAE04EC0-301F-11D3-BF4B-00C04F79EFBC}") = "Sampler.Basic.Data.Dapper.Test", "Sampler.Basic.Data.Dapper.Test\Sampler.Basic.Data.Dapper.Test.csproj", "{B37E7AE7-829C-45FB-98A5-90FBF01F25EE}"
EndProject
Project("{FAE04EC0-301F-11D3-BF4B-00C04F79EFBC}") = "Sampler.Basic.Services.Test", "Sampler.Basic.Services.Test\Sampler.Basic.Services.Test.csproj", "{63756382-785A-45D0-96A7-BCCA81A73824}"
EndProject
Project("{FAE04EC0-301F-11D3-BF4B-00C04F79EFBC}") = "Sampler.Basic.Test", "Sampler.Basic.Test\Sampler.Basic.Test.csproj", "{E7C25DB0-D41E-4026-991B-C9B99E39E5A5}"
EndProject
Global
	GlobalSection(SolutionConfigurationPlatforms) = preSolution
		Debug|Any CPU = Debug|Any CPU
		Release|Any CPU = Release|Any CPU
	EndGlobalSection
	GlobalSection(ProjectConfigurationPlatforms) = postSolution
		{F40C3DB3-5337-40F7-9B79-C9CE468F79A1}.Debug|Any CPU.ActiveCfg = Debug|Any CPU
		{F40C3DB3-5337-40F7-9B79-C9CE468F79A1}.Debug|Any CPU.Build.0 = Debug|Any CPU
		{F40C3DB3-5337-40F7-9B79-C9CE468F79A1}.Release|Any CPU.ActiveCfg = Release|Any CPU
		{F40C3DB3-5337-40F7-9B79-C9CE468F79A1}.Release|Any CPU.Build.0 = Release|Any CPU
		{816633DD-C164-42EC-B3B1-5D6C79982C37}.Debug|Any CPU.ActiveCfg = Debug|Any CPU
		{816633DD-C164-42EC-B3B1-5D6C79982C37}.Debug|Any CPU.Build.0 = Debug|Any CPU
		{816633DD-C164-42EC-B3B1-5D6C79982C37}.Release|Any CPU.ActiveCfg = Release|Any CPU
		{816633DD-C164-42EC-B3B1-5D6C79982C37}.Release|Any CPU.Build.0 = Release|Any CPU
		{37F69877-2B76-42BD-8730-9EF0A4575BF0}.Debug|Any CPU.ActiveCfg = Debug|Any CPU
		{37F69877-2B76-42BD-8730-9EF0A4575BF0}.Debug|Any CPU.Build.0 = Debug|Any CPU
		{37F69877-2B76-42BD-8730-9EF0A4575BF0}.Release|Any CPU.ActiveCfg = Release|Any CPU
		{37F69877-2B76-42BD-8730-9EF0A4575BF0}.Release|Any CPU.Build.0 = Release|Any CPU
		{8DCD1B9D-96D6-4CDF-9781-70245DF0C2CA}.Debug|Any CPU.ActiveCfg = Debug|Any CPU
		{8DCD1B9D-96D6-4CDF-9781-70245DF0C2CA}.Debug|Any CPU.Build.0 = Debug|Any CPU
		{8DCD1B9D-96D6-4CDF-9781-70245DF0C2CA}.Release|Any CPU.ActiveCfg = Release|Any CPU
		{8DCD1B9D-96D6-4CDF-9781-70245DF0C2CA}.Release|Any CPU.Build.0 = Release|Any CPU
		{D40A68C6-00DD-4721-82D8-FAD633E3936E}.Debug|Any CPU.ActiveCfg = Debug|Any CPU
		{D40A68C6-00DD-4721-82D8-FAD633E3936E}.Debug|Any CPU.Build.0 = Debug|Any CPU
		{D40A68C6-00DD-4721-82D8-FAD633E3936E}.Release|Any CPU.ActiveCfg = Release|Any CPU
		{D40A68C6-00DD-4721-82D8-FAD633E3936E}.Release|Any CPU.Build.0 = Release|Any CPU
		{1AC43BEB-0BC1-4129-B988-18F11113FE9A}.Debug|Any CPU.ActiveCfg = Debug|Any CPU
		{1AC43BEB-0BC1-4129-B988-18F11113FE9A}.Debug|Any CPU.Build.0 = Debug|Any CPU
		{1AC43BEB-0BC1-4129-B988-18F11113FE9A}.Release|Any CPU.ActiveCfg = Release|Any CPU
		{1AC43BEB-0BC1-4129-B988-18F11113FE9A}.Release|Any CPU.Build.0 = Release|Any CPU
		{8D549FF9-74EA-4807-A27F-425525598150}.Debug|Any CPU.ActiveCfg = Debug|Any CPU
		{8D549FF9-74EA-4807-A27F-425525598150}.Debug|Any CPU.Build.0 = Debug|Any CPU
		{8D549FF9-74EA-4807-A27F-425525598150}.Release|Any CPU.ActiveCfg = Release|Any CPU
		{8D549FF9-74EA-4807-A27F-425525598150}.Release|Any CPU.Build.0 = Release|Any CPU
		{24D6A043-6068-49D4-B321-ABEE7C4D1AAF}.Debug|Any CPU.ActiveCfg = Debug|Any CPU
		{24D6A043-6068-49D4-B321-ABEE7C4D1AAF}.Debug|Any CPU.Build.0 = Debug|Any CPU
		{24D6A043-6068-49D4-B321-ABEE7C4D1AAF}.Release|Any CPU.ActiveCfg = Release|Any CPU
		{24D6A043-6068-49D4-B321-ABEE7C4D1AAF}.Release|Any CPU.Build.0 = Release|Any CPU
		{B37E7AE7-829C-45FB-98A5-90FBF01F25EE}.Debug|Any CPU.ActiveCfg = Debug|Any CPU
		{B37E7AE7-829C-45FB-98A5-90FBF01F25EE}.Debug|Any CPU.Build.0 = Debug|Any CPU
		{B37E7AE7-829C-45FB-98A5-90FBF01F25EE}.Release|Any CPU.ActiveCfg = Release|Any CPU
		{B37E7AE7-829C-45FB-98A5-90FBF01F25EE}.Release|Any CPU.Build.0 = Release|Any CPU
		{63756382-785A-45D0-96A7-BCCA81A73824}.Debug|Any CPU.ActiveCfg = Debug|Any CPU
		{63756382-785A-45D0-96A7-BCCA81A73824}.Debug|Any CPU.Build.0 = Debug|Any CPU
		{63756382-785A-45D0-96A7-BCCA81A73824}.Release|Any CPU.ActiveCfg = Release|Any CPU
		{63756382-785A-45D0-96A7-BCCA81A73824}.Release|Any CPU.Build.0 = Release|Any CPU
		{E7C25DB0-D41E-4026-991B-C9B99E39E5A5}.Debug|Any CPU.ActiveCfg = Debug|Any CPU
		{E7C25DB0-D41E-4026-991B-C9B99E39E5A5}.Debug|Any CPU.Build.0 = Debug|Any CPU
		{E7C25DB0-D41E-4026-991B-C9B99E39E5A5}.Release|Any CPU.ActiveCfg = Release|Any CPU
		{E7C25DB0-D41E-4026-991B-C9B99E39E5A5}.Release|Any CPU.Build.0 = Release|Any CPU
	EndGlobalSection
	GlobalSection(SolutionProperties) = preSolution
		HideSolutionNode = FALSE
	EndGlobalSection
	GlobalSection(NestedProjects) = preSolution
		{F40C3DB3-5337-40F7-9B79-C9CE468F79A1} = {8BB5BA7C-2E90-42D8-83DE-748D69FF0FCB}
		{816633DD-C164-42EC-B3B1-5D6C79982C37} = {293EE7AB-4C17-4E03-9718-B44D193AD00B}
		{37F69877-2B76-42BD-8730-9EF0A4575BF0} = {AD04E01D-54CA-426D-A33C-883E153A82BA}
		{8DCD1B9D-96D6-4CDF-9781-70245DF0C2CA} = {D5E776E7-32A2-4FD8-99B5-70E3290E0071}
		{28DC0217-7522-4686-BAA6-F08F7774117E} = {EBBE04BD-380D-4FC7-8E2E-FF5B9424B9EC}
		{40E7AA60-E6CA-48F4-99C5-EFB086A606A7} = {EBBE04BD-380D-4FC7-8E2E-FF5B9424B9EC}
		{AD04E01D-54CA-426D-A33C-883E153A82BA} = {EBBE04BD-380D-4FC7-8E2E-FF5B9424B9EC}
		{D40A68C6-00DD-4721-82D8-FAD633E3936E} = {28DC0217-7522-4686-BAA6-F08F7774117E}
		{1AC43BEB-0BC1-4129-B988-18F11113FE9A} = {40E7AA60-E6CA-48F4-99C5-EFB086A606A7}
		{8D549FF9-74EA-4807-A27F-425525598150} = {293EE7AB-4C17-4E03-9718-B44D193AD00B}
		{24D6A043-6068-49D4-B321-ABEE7C4D1AAF} = {AD04E01D-54CA-426D-A33C-883E153A82BA}
		{B37E7AE7-829C-45FB-98A5-90FBF01F25EE} = {40E7AA60-E6CA-48F4-99C5-EFB086A606A7}
		{63756382-785A-45D0-96A7-BCCA81A73824} = {D5E776E7-32A2-4FD8-99B5-70E3290E0071}
		{E7C25DB0-D41E-4026-991B-C9B99E39E5A5} = {8BB5BA7C-2E90-42D8-83DE-748D69FF0FCB}
	EndGlobalSection
	GlobalSection(ExtensibilityGlobals) = postSolution
		SolutionGuid = {8300E27A-89FE-4C50-8D49-D27FE53D9C11}
	EndGlobalSection
EndGlobal
